
Microsoft Visual Studio Solution File, Format Version 12.00
# Visual Studio Version 16
VisualStudioVersion = 16.0.32510.428
MinimumVisualStudioVersion = 10.0.40219.1
Project("{8BC9CEB8-8B4A-11D0-8D11-00A0C91BC942}") = "ScanManager", "ScanManager\ScanManager.vcxproj", "{FFB1F599-FFFC-4E59-8B8A-92DC27ECE56B}"
EndProject
Global
	GlobalSection(SolutionConfigurationPlatforms) = preSolution
		Debug|x64 = Debug|x64
		Debug|x86 = Debug|x86
		Release|x64 = Release|x64
		Release|x86 = Release|x86
	EndGlobalSection
	GlobalSection(ProjectConfigurationPlatforms) = postSolution
		{FFB1F599-FFFC-4E59-8B8A-92DC27ECE56B}.Debug|x64.ActiveCfg = Debug|x64
		{FFB1F599-FFFC-4E59-8B8A-92DC27ECE56B}.Debug|x64.Build.0 = Debug|x64
		{FFB1F599-FFFC-4E59-8B8A-92DC27ECE56B}.Debug|x86.ActiveCfg = Debug|Win32
		{FFB1F599-FFFC-4E59-8B8A-92DC27ECE56B}.Debug|x86.Build.0 = Debug|Win32
		{FFB1F599-FFFC-4E59-8B8A-92DC27ECE56B}.Release|x64.ActiveCfg = Release|x64
		{FFB1F599-FFFC-4E59-8B8A-92DC27ECE56B}.Release|x64.Build.0 = Release|x64
		{FFB1F599-FFFC-4E59-8B8A-92DC27ECE56B}.Release|x86.ActiveCfg = Release|Win32
		{FFB1F599-FFFC-4E59-8B8A-92DC27ECE56B}.Release|x86.Build.0 = Release|Win32
	EndGlobalSection
	GlobalSection(SolutionProperties) = preSolution
		HideSolutionNode = FALSE
	EndGlobalSection
	GlobalSection(ExtensibilityGlobals) = postSolution
		SolutionGuid = {DD8B3A25-64A3-4A0A-9659-1AF4D12CF225}
	EndGlobalSection
EndGlobal
